{
  "name": "npm",
  "version": "1.0.0",
  "lockfileVersion": 1,
  "requires": true,
  "dependencies": {
    "js-tokens": {
      "version": "4.0.0",
      "resolved": "https://registry.npmjs.org/js-tokens/-/js-tokens-4.0.0.tgz",
      "integrity": "sha512-RdJUflcE3cUzKiMqQgsCu06FPu9UdIJO0beYbPhHN4k6apgJtifcoCtT9bcxOpYBtpD2kCM6Sbzg4CausW/PKQ=="
    },
    "loose-envify": {
      "version": "1.4.0",
      "resolved": "https://registry.npmjs.org/loose-envify/-/loose-envify-1.4.0.tgz",
      "integrity": "sha512-lyuxPGr/Wfhrlem2CL/UcnUc1zcqKAImBDzukY7Y5F/yQiNdko6+fRLevlw1HgMySw7f611UIY408EtxRSoK3Q==",
      "requires": {
        "js-tokens": "4.0.0"
      }
    },
    "object-assign": {
      "version": "4.1.1",
      "resolved": "https://registry.npmjs.org/object-assign/-/object-assign-4.1.1.tgz",
      "integrity": "sha1-IQmtx5ZYh8/AXLvUQsrIv7s2CGM="
    },
    "prop-types": {
      "version": "15.6.2",
      "resolved": "https://registry.npmjs.org/prop-types/-/prop-types-15.6.2.tgz",
      "integrity": "sha512-3pboPvLiWD7dkI3qf3KbUe6hKFKa52w+AE0VCqECtf+QHAKgOL37tTaNCnuX1nAAQ4ZhyP+kYVKf8rLmJ/feDQ==",
      "requires": {
        "loose-envify": "1.4.0",
        "object-assign": "4.1.1"
      }
    },
    "react-rellax": {
      "version": "1.0.2",
      "resolved": "https://registry.npmjs.org/react-rellax/-/react-rellax-1.0.2.tgz",
      "integrity": "sha512-B6M6ilPJTiiqfezr8A4xnd3Y9+gTQZGDnIn8fn5N2YfWftvG+Rl/SHNuQA8Wfh8gpnqwD8riPUfGiA4MOxyr/w==",
      "requires": {
        "prop-types": "15.6.2",
        "rellax": "1.6.2"
      }
    },
    "rellax": {
      "version": "1.6.2",
      "resolved": "https://registry.npmjs.org/rellax/-/rellax-1.6.2.tgz",
      "integrity": "sha512-JVHA7Stzxfc9XB7HTLfl9SgbFSKKdAMYUOkRlijaK7XGiYZ28L7gmXOVLRTN6z2F9v/ybWyMf3er0mlkaNJtmA=="
    }
  }
}
